// !$*UTF8*$!
{
	archiveVersion = 1;
	classes = {
	};
	objectVersion = 50;
	objects = {

/* Begin PBXBuildFile section */
		AEDB784224B5E755009BEDF8 /* AppDelegate.swift in Sources */ = {isa = PBXBuildFile; fileRef = AEDB784124B5E755009BEDF8 /* AppDelegate.swift */; };
		AEDB784424B5E755009BEDF8 /* SceneDelegate.swift in Sources */ = {isa = PBXBuildFile; fileRef = AEDB784324B5E755009BEDF8 /* SceneDelegate.swift */; };
		AEDB784624B5E755009BEDF8 /* ViewController.swift in Sources */ = {isa = PBXBuildFile; fileRef = AEDB784524B5E755009BEDF8 /* ViewController.swift */; };
		AEDB784924B5E755009BEDF8 /* Main.storyboard in Resources */ = {isa = PBXBuildFile; fileRef = AEDB784724B5E755009BEDF8 /* Main.storyboard */; };
		AEDB784B24B5E758009BEDF8 /* Assets.xcassets in Resources */ = {isa = PBXBuildFile; fileRef = AEDB784A24B5E758009BEDF8 /* Assets.xcassets */; };
		AEDB784E24B5E758009BEDF8 /* LaunchScreen.storyboard in Resources */ = {isa = PBXBuildFile; fileRef = AEDB784C24B5E758009BEDF8 /* LaunchScreen.storyboard */; };
		AEDB785624B5EC70009BEDF8 /* UIViewExtension.swift in Sources */ = {isa = PBXBuildFile; fileRef = AEDB785524B5EC70009BEDF8 /* UIViewExtension.swift */; };
		AEDB785824B5F877009BEDF8 /* UIButtonExtension.swift in Sources */ = {isa = PBXBuildFile; fileRef = AEDB785724B5F877009BEDF8 /* UIButtonExtension.swift */; };
		AEDB785A24B5FF7C009BEDF8 /* MainView.xib in Resources */ = {isa = PBXBuildFile; fileRef = AEDB785924B5FF7C009BEDF8 /* MainView.xib */; };
		AEDB785C24B5FF85009BEDF8 /* MainView.swift in Sources */ = {isa = PBXBuildFile; fileRef = AEDB785B24B5FF85009BEDF8 /* MainView.swift */; };
/* End PBXBuildFile section */

/* Begin PBXFileReference section */
		AEDB783E24B5E755009BEDF8 /* TestWork.app */ = {isa = PBXFileReference; explicitFileType = wrapper.application; includeInIndex = 0; path = TestWork.app; sourceTree = BUILT_PRODUCTS_DIR; };
		AEDB784124B5E755009BEDF8 /* AppDelegate.swift */ = {isa = PBXFileReference; lastKnownFileType = sourcecode.swift; path = AppDelegate.swift; sourceTree = "<group>"; };
		AEDB784324B5E755009BEDF8 /* SceneDelegate.swift */ = {isa = PBXFileReference; lastKnownFileType = sourcecode.swift; path = SceneDelegate.swift; sourceTree = "<group>"; };
		AEDB784524B5E755009BEDF8 /* ViewController.swift */ = {isa = PBXFileReference; lastKnownFileType = sourcecode.swift; path = ViewController.swift; sourceTree = "<group>"; };
		AEDB784824B5E755009BEDF8 /* Base */ = {isa = PBXFileReference; lastKnownFileType = file.storyboard; name = Base; path = Base.lproj/Main.storyboard; sourceTree = "<group>"; };
		AEDB784A24B5E758009BEDF8 /* Assets.xcassets */ = {isa = PBXFileReference; lastKnownFileType = folder.assetcatalog; path = Assets.xcassets; sourceTree = "<group>"; };
		AEDB784D24B5E758009BEDF8 /* Base */ = {isa = PBXFileReference; lastKnownFileType = file.storyboard; name = Base; path = Base.lproj/LaunchScreen.storyboard; sourceTree = "<group>"; };
		AEDB784F24B5E758009BEDF8 /* Info.plist */ = {isa = PBXFileReference; lastKnownFileType = text.plist.xml; path = Info.plist; sourceTree = "<group>"; };
		AEDB785524B5EC70009BEDF8 /* UIViewExtension.swift */ = {isa = PBXFileReference; lastKnownFileType = sourcecode.swift; path = UIViewExtension.swift; sourceTree = "<group>"; };
		AEDB785724B5F877009BEDF8 /* UIButtonExtension.swift */ = {isa = PBXFileReference; lastKnownFileType = sourcecode.swift; path = UIButtonExtension.swift; sourceTree = "<group>"; };
		AEDB785924B5FF7C009BEDF8 /* MainView.xib */ = {isa = PBXFileReference; lastKnownFileType = file.xib; path = MainView.xib; sourceTree = "<group>"; };
		AEDB785B24B5FF85009BEDF8 /* MainView.swift */ = {isa = PBXFileReference; lastKnownFileType = sourcecode.swift; path = MainView.swift; sourceTree = "<group>"; };
/* End PBXFileReference section */

/* Begin PBXFrameworksBuildPhase section */
		AEDB783B24B5E755009BEDF8 /* Frameworks */ = {
			isa = PBXFrameworksBuildPhase;
			buildActionMask = 2147483647;
			files = (
			);
			runOnlyForDeploymentPostprocessing = 0;
		};
/* End PBXFrameworksBuildPhase section */

/* Begin PBXGroup section */
		AEDB783524B5E755009BEDF8 = {
			isa = PBXGroup;
			children = (
				AEDB784024B5E755009BEDF8 /* TestWork */,
				AEDB783F24B5E755009BEDF8 /* Products */,
			);
			sourceTree = "<group>";
		};
		AEDB783F24B5E755009BEDF8 /* Products */ = {
			isa = PBXGroup;
			children = (
				AEDB783E24B5E755009BEDF8 /* TestWork.app */,
			);
			name = Products;
			sourceTree = "<group>";
		};
		AEDB784024B5E755009BEDF8 /* TestWork */ = {
			isa = PBXGroup;
			children = (
				AEDB784124B5E755009BEDF8 /* AppDelegate.swift */,
				AEDB784324B5E755009BEDF8 /* SceneDelegate.swift */,
				AEDB784524B5E755009BEDF8 /* ViewController.swift */,
				AEDB785E24B5FF93009BEDF8 /* Extension */,
				AEDB785D24B5FF8A009BEDF8 /* Xib */,
				AEDB784724B5E755009BEDF8 /* Main.storyboard */,
				AEDB784A24B5E758009BEDF8 /* Assets.xcassets */,
				AEDB784C24B5E758009BEDF8 /* LaunchScreen.storyboard */,
				AEDB784F24B5E758009BEDF8 /* Info.plist */,
			);
			path = TestWork;
			sourceTree = "<group>";
		};
		AEDB785D24B5FF8A009BEDF8 /* Xib */ = {
			isa = PBXGroup;
			children = (
				AEDB785B24B5FF85009BEDF8 /* MainView.swift */,
				AEDB785924B5FF7C009BEDF8 /* MainView.xib */,
			);
			path = Xib;
			sourceTree = "<group>";
		};
		AEDB785E24B5FF93009BEDF8 /* Extension */ = {
			isa = PBXGroup;
			children = (
				AEDB785524B5EC70009BEDF8 /* UIViewExtension.swift */,
				AEDB785724B5F877009BEDF8 /* UIButtonExtension.swift */,
			);
			path = Extension;
			sourceTree = "<group>";
		};
/* End PBXGroup section */

/* Begin PBXNativeTarget section */
		AEDB783D24B5E755009BEDF8 /* TestWork */ = {
			isa = PBXNativeTarget;
			buildConfigurationList = AEDB785224B5E758009BEDF8 /* Build configuration list for PBXNativeTarget "TestWork" */;
			buildPhases = (
				AEDB783A24B5E755009BEDF8 /* Sources */,
				AEDB783B24B5E755009BEDF8 /* Frameworks */,
				AEDB783C24B5E755009BEDF8 /* Resources */,
			);
			buildRules = (
			);
			dependencies = (
			);
			name = TestWork;
			productName = TestWork;
			productReference = AEDB783E24B5E755009BEDF8 /* TestWork.app */;
			productType = "com.apple.product-type.application";
		};
/* End PBXNativeTarget section */

/* Begin PBXProject section */
		AEDB783624B5E755009BEDF8 /* Project object */ = {
			isa = PBXProject;
			attributes = {
				LastSwiftUpdateCheck = 1150;
				LastUpgradeCheck = 1150;
				ORGANIZATIONNAME = "Константин Киски";
				TargetAttributes = {
					AEDB783D24B5E755009BEDF8 = {
						CreatedOnToolsVersion = 11.5;
					};
				};
			};
			buildConfigurationList = AEDB783924B5E755009BEDF8 /* Build configuration list for PBXProject "TestWork" */;
			compatibilityVersion = "Xcode 9.3";
			developmentRegion = en;
			hasScannedForEncodings = 0;
			knownRegions = (
				en,
				Base,
			);
			mainGroup = AEDB783524B5E755009BEDF8;
			productRefGroup = AEDB783F24B5E755009BEDF8 /* Products */;
			projectDirPath = "";
			projectRoot = "";
			targets = (
				AEDB783D24B5E755009BEDF8 /* TestWork */,
			);
		};
/* End PBXProject section */

/* Begin PBXResourcesBuildPhase section */
		AEDB783C24B5E755009BEDF8 /* Resources */ = {
			isa = PBXResourcesBuildPhase;
			buildActionMask = 2147483647;
			files = (
				AEDB784E24B5E758009BEDF8 /* LaunchScreen.storyboard in Resources */,
				AEDB785A24B5FF7C009BEDF8 /* MainView.xib in Resources */,
				AEDB784B24B5E758009BEDF8 /* Assets.xcassets in Resources */,
				AEDB784924B5E755009BEDF8 /* Main.storyboard in Resources */,
			);
			runOnlyForDeploymentPostprocessing = 0;
		};
/* End PBXResourcesBuildPhase section */

/* Begin PBXSourcesBuildPhase section */
		AEDB783A24B5E755009BEDF8 /* Sources */ = {
			isa = PBXSourcesBuildPhase;
			buildActionMask = 2147483647;
			files = (
				AEDB784624B5E755009BEDF8 /* ViewController.swift in Sources */,
				AEDB785C24B5FF85009BEDF8 /* MainView.swift in Sources */,
				AEDB785824B5F877009BEDF8 /* UIButtonExtension.swift in Sources */,
				AEDB784224B5E755009BEDF8 /* AppDelegate.swift in Sources */,
				AEDB785624B5EC70009BEDF8 /* UIViewExtension.swift in Sources */,
				AEDB784424B5E755009BEDF8 /* SceneDelegate.swift in Sources */,
			);
			runOnlyForDeploymentPostprocessing = 0;
		};
/* End PBXSourcesBuildPhase section */

/* Begin PBXVariantGroup section */
		AEDB784724B5E755009BEDF8 /* Main.storyboard */ = {
			isa = PBXVariantGroup;
			children = (
				AEDB784824B5E755009BEDF8 /* Base */,
			);
			name = Main.storyboard;
			sourceTree = "<group>";
		};
		AEDB784C24B5E758009BEDF8 /* LaunchScreen.storyboard */ = {
			isa = PBXVariantGroup;
			children = (
				AEDB784D24B5E758009BEDF8 /* Base */,
			);
			name = LaunchScreen.storyboard;
			sourceTree = "<group>";
		};
/* End PBXVariantGroup section */

/* Begin XCBuildConfiguration section */
		AEDB785024B5E758009BEDF8 /* Debug */ = {
			isa = XCBuildConfiguration;
			buildSettings = {
				ALWAYS_SEARCH_USER_PATHS = NO;
				CLANG_ANALYZER_NONNULL = YES;
				CLANG_ANALYZER_NUMBER_OBJECT_CONVERSION = YES_AGGRESSIVE;
				CLANG_CXX_LANGUAGE_STANDARD = "gnu++14";
				CLANG_CXX_LIBRARY = "libc++";
				CLANG_ENABLE_MODULES = YES;
				CLANG_ENABLE_OBJC_ARC = YES;
				CLANG_ENABLE_OBJC_WEAK = YES;
				CLANG_WARN_BLOCK_CAPTURE_AUTORELEASING = YES;
				CLANG_WARN_BOOL_CONVERSION = YES;
				CLANG_WARN_COMMA = YES;
				CLANG_WARN_CONSTANT_CONVERSION = YES;
				CLANG_WARN_DEPRECATED_OBJC_IMPLEMENTATIONS = YES;
				CLANG_WARN_DIRECT_OBJC_ISA_USAGE = YES_ERROR;
				CLANG_WARN_DOCUMENTATION_COMMENTS = YES;
				CLANG_WARN_EMPTY_BODY = YES;
				CLANG_WARN_ENUM_CONVERSION = YES;
				CLANG_WARN_INFINITE_RECURSION = YES;
				CLANG_WARN_INT_CONVERSION = YES;
				CLANG_WARN_NON_LITERAL_NULL_CONVERSION = YES;
				CLANG_WARN_OBJC_IMPLICIT_RETAIN_SELF = YES;
				CLANG_WARN_OBJC_LITERAL_CONVERSION = YES;
				CLANG_WARN_OBJC_ROOT_CLASS = YES_ERROR;
				CLANG_WARN_RANGE_LOOP_ANALYSIS = YES;
				CLANG_WARN_STRICT_PROTOTYPES = YES;
				CLANG_WARN_SUSPICIOUS_MOVE = YES;
				CLANG_WARN_UNGUARDED_AVAILABILITY = YES_AGGRESSIVE;
				CLANG_WARN_UNREACHABLE_CODE = YES;
				CLANG_WARN__DUPLICATE_METHOD_MATCH = YES;
				COPY_PHASE_STRIP = NO;
				DEBUG_INFORMATION_FORMAT = dwarf;
				ENABLE_STRICT_OBJC_MSGSEND = YES;
				ENABLE_TESTABILITY = YES;
				GCC_C_LANGUAGE_STANDARD = gnu11;
				GCC_DYNAMIC_NO_PIC = NO;
				GCC_NO_COMMON_BLOCKS = YES;
				GCC_OPTIMIZATION_LEVEL = 0;
				GCC_PREPROCESSOR_DEFINITIONS = (
					"DEBUG=1",
					"$(inherited)",
				);
				GCC_WARN_64_TO_32_BIT_CONVERSION = YES;
				GCC_WARN_ABOUT_RETURN_TYPE = YES_ERROR;
				GCC_WARN_UNDECLARED_SELECTOR = YES;
				GCC_WARN_UNINITIALIZED_AUTOS = YES_AGGRESSIVE;
				GCC_WARN_UNUSED_FUNCTION = YES;
				GCC_WARN_UNUSED_VARIABLE = YES;
				IPHONEOS_DEPLOYMENT_TARGET = 13.5;
				MTL_ENABLE_DEBUG_INFO = INCLUDE_SOURCE;
				MTL_FAST_MATH = YES;
				ONLY_ACTIVE_ARCH = YES;
				SDKROOT = iphoneos;
				SWIFT_ACTIVE_COMPILATION_CONDITIONS = DEBUG;
				SWIFT_OPTIMIZATION_LEVEL = "-Onone";
			};
			name = Debug;
		};
		AEDB785124B5E758009BEDF8 /* Release */ = {
			isa = XCBuildConfiguration;
			buildSettings = {
				ALWAYS_SEARCH_USER_PATHS = NO;
				CLANG_ANALYZER_NONNULL = YES;
				CLANG_ANALYZER_NUMBER_OBJECT_CONVERSION = YES_AGGRESSIVE;
				CLANG_CXX_LANGUAGE_STANDARD = "gnu++14";
				CLANG_CXX_LIBRARY = "libc++";
				CLANG_ENABLE_MODULES = YES;
				CLANG_ENABLE_OBJC_ARC = YES;
				CLANG_ENABLE_OBJC_WEAK = YES;
				CLANG_WARN_BLOCK_CAPTURE_AUTORELEASING = YES;
				CLANG_WARN_BOOL_CONVERSION = YES;
				CLANG_WARN_COMMA = YES;
				CLANG_WARN_CONSTANT_CONVERSION = YES;
				CLANG_WARN_DEPRECATED_OBJC_IMPLEMENTATIONS = YES;
				CLANG_WARN_DIRECT_OBJC_ISA_USAGE = YES_ERROR;
				CLANG_WARN_DOCUMENTATION_COMMENTS = YES;
				CLANG_WARN_EMPTY_BODY = YES;
				CLANG_WARN_ENUM_CONVERSION = YES;
				CLANG_WARN_INFINITE_RECURSION = YES;
				CLANG_WARN_INT_CONVERSION = YES;
				CLANG_WARN_NON_LITERAL_NULL_CONVERSION = YES;
				CLANG_WARN_OBJC_IMPLICIT_RETAIN_SELF = YES;
				CLANG_WARN_OBJC_LITERAL_CONVERSION = YES;
				CLANG_WARN_OBJC_ROOT_CLASS = YES_ERROR;
				CLANG_WARN_RANGE_LOOP_ANALYSIS = YES;
				CLANG_WARN_STRICT_PROTOTYPES = YES;
				CLANG_WARN_SUSPICIOUS_MOVE = YES;
				CLANG_WARN_UNGUARDED_AVAILABILITY = YES_AGGRESSIVE;
				CLANG_WARN_UNREACHABLE_CODE = YES;
				CLANG_WARN__DUPLICATE_METHOD_MATCH = YES;
				COPY_PHASE_STRIP = NO;
				DEBUG_INFORMATION_FORMAT = "dwarf-with-dsym";
				ENABLE_NS_ASSERTIONS = NO;
				ENABLE_STRICT_OBJC_MSGSEND = YES;
				GCC_C_LANGUAGE_STANDARD = gnu11;
				GCC_NO_COMMON_BLOCKS = YES;
				GCC_WARN_64_TO_32_BIT_CONVERSION = YES;
				GCC_WARN_ABOUT_RETURN_TYPE = YES_ERROR;
				GCC_WARN_UNDECLARED_SELECTOR = YES;
				GCC_WARN_UNINITIALIZED_AUTOS = YES_AGGRESSIVE;
				GCC_WARN_UNUSED_FUNCTION = YES;
				GCC_WARN_UNUSED_VARIABLE = YES;
				IPHONEOS_DEPLOYMENT_TARGET = 13.5;
				MTL_ENABLE_DEBUG_INFO = NO;
				MTL_FAST_MATH = YES;
				SDKROOT = iphoneos;
				SWIFT_COMPILATION_MODE = wholemodule;
				SWIFT_OPTIMIZATION_LEVEL = "-O";
				VALIDATE_PRODUCT = YES;
			};
			name = Release;
		};
		AEDB785324B5E758009BEDF8 /* Debug */ = {
			isa = XCBuildConfiguration;
			buildSettings = {
				ASSETCATALOG_COMPILER_APPICON_NAME = AppIcon;
				CODE_SIGN_STYLE = Automatic;
				DEVELOPMENT_TEAM = 97T697ANXW;
				INFOPLIST_FILE = TestWork/Info.plist;
				LD_RUNPATH_SEARCH_PATHS = (
					"$(inherited)",
					"@executable_path/Frameworks",
				);
				PRODUCT_BUNDLE_IDENTIFIER = kk.TestWork;
				PRODUCT_NAME = "$(TARGET_NAME)";
				SWIFT_VERSION = 5.0;
				TARGETED_DEVICE_FAMILY = "1,2";
			};
			name = Debug;
		};
		AEDB785424B5E758009BEDF8 /* Release */ = {
			isa = XCBuildConfiguration;
			buildSettings = {
				ASSETCATALOG_COMPILER_APPICON_NAME = AppIcon;
				CODE_SIGN_STYLE = Automatic;
				DEVELOPMENT_TEAM = 97T697ANXW;
				INFOPLIST_FILE = TestWork/Info.plist;
				LD_RUNPATH_SEARCH_PATHS = (
					"$(inherited)",
					"@executable_path/Frameworks",
				);
				PRODUCT_BUNDLE_IDENTIFIER = kk.TestWork;
				PRODUCT_NAME = "$(TARGET_NAME)";
				SWIFT_VERSION = 5.0;
				TARGETED_DEVICE_FAMILY = "1,2";
			};
			name = Release;
		};
/* End XCBuildConfiguration section */

/* Begin XCConfigurationList section */
		AEDB783924B5E755009BEDF8 /* Build configuration list for PBXProject "TestWork" */ = {
			isa = XCConfigurationList;
			buildConfigurations = (
				AEDB785024B5E758009BEDF8 /* Debug */,
				AEDB785124B5E758009BEDF8 /* Release */,
			);
			defaultConfigurationIsVisible = 0;
			defaultConfigurationName = Release;
		};
		AEDB785224B5E758009BEDF8 /* Build configuration list for PBXNativeTarget "TestWork" */ = {
			isa = XCConfigurationList;
			buildConfigurations = (
				AEDB785324B5E758009BEDF8 /* Debug */,
				AEDB785424B5E758009BEDF8 /* Release */,
			);
			defaultConfigurationIsVisible = 0;
			defaultConfigurationName = Release;
		};
/* End XCConfigurationList section */
	};
	rootObject = AEDB783624B5E755009BEDF8 /* Project object */;
}
